// !$*UTF8*$!
{
	archiveVersion = 1;
	classes = {
	};
	objectVersion = 56;
	objects = {

/* Begin PBXBuildFile section */
		2711230C29B741AD0066DBD8 /* NavigationSplitApp.swift in Sources */ = {isa = PBXBuildFile; fileRef = 2711230B29B741AD0066DBD8 /* NavigationSplitApp.swift */; };
		2711230E29B741AD0066DBD8 /* StartTabView.swift in Sources */ = {isa = PBXBuildFile; fileRef = 2711230D29B741AD0066DBD8 /* StartTabView.swift */; };
		2711231029B741AE0066DBD8 /* Assets.xcassets in Resources */ = {isa = PBXBuildFile; fileRef = 2711230F29B741AE0066DBD8 /* Assets.xcassets */; };
		2711231329B741AE0066DBD8 /* Preview Assets.xcassets in Resources */ = {isa = PBXBuildFile; fileRef = 2711231229B741AE0066DBD8 /* Preview Assets.xcassets */; };
		2711231B29B742A30066DBD8 /* EmployeeListview.swift in Sources */ = {isa = PBXBuildFile; fileRef = 2711231A29B742A30066DBD8 /* EmployeeListview.swift */; };
		2711231D29B742AF0066DBD8 /* CompaniesListView.swift in Sources */ = {isa = PBXBuildFile; fileRef = 2711231C29B742AF0066DBD8 /* CompaniesListView.swift */; };
		2711232029B744CC0066DBD8 /* MOCK_DATA.json in Resources */ = {isa = PBXBuildFile; fileRef = 2711231F29B744CC0066DBD8 /* MOCK_DATA.json */; };
		2711232329B745090066DBD8 /* CompanyJSON.swift in Sources */ = {isa = PBXBuildFile; fileRef = 2711232229B745090066DBD8 /* CompanyJSON.swift */; };
		2711232529B745D20066DBD8 /* Bundle+Extension.swift in Sources */ = {isa = PBXBuildFile; fileRef = 2711232429B745D20066DBD8 /* Bundle+Extension.swift */; };
		2711232829B747190066DBD8 /* Employee.swift in Sources */ = {isa = PBXBuildFile; fileRef = 2711232729B747190066DBD8 /* Employee.swift */; };
		2711232A29B747390066DBD8 /* Company.swift in Sources */ = {isa = PBXBuildFile; fileRef = 2711232929B747390066DBD8 /* Company.swift */; };
		2711232C29B747690066DBD8 /* DataStore.swift in Sources */ = {isa = PBXBuildFile; fileRef = 2711232B29B747690066DBD8 /* DataStore.swift */; };
		2711232E29B74DC20066DBD8 /* EmployeeView.swift in Sources */ = {isa = PBXBuildFile; fileRef = 2711232D29B74DC20066DBD8 /* EmployeeView.swift */; };
		2711233129B766C70066DBD8 /* 1.png in Resources */ = {isa = PBXBuildFile; fileRef = 2711233029B766C70066DBD8 /* 1.png */; };
/* End PBXBuildFile section */

/* Begin PBXFileReference section */
		2711230829B741AD0066DBD8 /* NavigationSplit.app */ = {isa = PBXFileReference; explicitFileType = wrapper.application; includeInIndex = 0; path = NavigationSplit.app; sourceTree = BUILT_PRODUCTS_DIR; };
		2711230B29B741AD0066DBD8 /* NavigationSplitApp.swift */ = {isa = PBXFileReference; lastKnownFileType = sourcecode.swift; path = NavigationSplitApp.swift; sourceTree = "<group>"; };
		2711230D29B741AD0066DBD8 /* StartTabView.swift */ = {isa = PBXFileReference; lastKnownFileType = sourcecode.swift; path = StartTabView.swift; sourceTree = "<group>"; };
		2711230F29B741AE0066DBD8 /* Assets.xcassets */ = {isa = PBXFileReference; lastKnownFileType = folder.assetcatalog; path = Assets.xcassets; sourceTree = "<group>"; };
		2711231229B741AE0066DBD8 /* Preview Assets.xcassets */ = {isa = PBXFileReference; lastKnownFileType = folder.assetcatalog; path = "Preview Assets.xcassets"; sourceTree = "<group>"; };
		2711231A29B742A30066DBD8 /* EmployeeListview.swift */ = {isa = PBXFileReference; lastKnownFileType = sourcecode.swift; path = EmployeeListview.swift; sourceTree = "<group>"; };
		2711231C29B742AF0066DBD8 /* CompaniesListView.swift */ = {isa = PBXFileReference; lastKnownFileType = sourcecode.swift; path = CompaniesListView.swift; sourceTree = "<group>"; };
		2711231E29B7437E0066DBD8 /* README.md */ = {isa = PBXFileReference; lastKnownFileType = net.daringfireball.markdown; path = README.md; sourceTree = "<group>"; };
		2711231F29B744CC0066DBD8 /* MOCK_DATA.json */ = {isa = PBXFileReference; lastKnownFileType = text.json; path = MOCK_DATA.json; sourceTree = "<group>"; };
		2711232229B745090066DBD8 /* CompanyJSON.swift */ = {isa = PBXFileReference; lastKnownFileType = sourcecode.swift; path = CompanyJSON.swift; sourceTree = "<group>"; };
		2711232429B745D20066DBD8 /* Bundle+Extension.swift */ = {isa = PBXFileReference; lastKnownFileType = sourcecode.swift; path = "Bundle+Extension.swift"; sourceTree = "<group>"; };
		2711232729B747190066DBD8 /* Employee.swift */ = {isa = PBXFileReference; lastKnownFileType = sourcecode.swift; path = Employee.swift; sourceTree = "<group>"; };
		2711232929B747390066DBD8 /* Company.swift */ = {isa = PBXFileReference; lastKnownFileType = sourcecode.swift; path = Company.swift; sourceTree = "<group>"; };
		2711232B29B747690066DBD8 /* DataStore.swift */ = {isa = PBXFileReference; lastKnownFileType = sourcecode.swift; path = DataStore.swift; sourceTree = "<group>"; };
		2711232D29B74DC20066DBD8 /* EmployeeView.swift */ = {isa = PBXFileReference; lastKnownFileType = sourcecode.swift; path = EmployeeView.swift; sourceTree = "<group>"; };
		2711233029B766C70066DBD8 /* 1.png */ = {isa = PBXFileReference; lastKnownFileType = image.png; path = 1.png; sourceTree = "<group>"; };
/* End PBXFileReference section */

/* Begin PBXFrameworksBuildPhase section */
		2711230529B741AD0066DBD8 /* Frameworks */ = {
			isa = PBXFrameworksBuildPhase;
			buildActionMask = 2147483647;
			files = (
			);
			runOnlyForDeploymentPostprocessing = 0;
		};
/* End PBXFrameworksBuildPhase section */

/* Begin PBXGroup section */
		271122FF29B741AD0066DBD8 = {
			isa = PBXGroup;
			children = (
				2711231E29B7437E0066DBD8 /* README.md */,
				2711232F29B7669F0066DBD8 /* img */,
				2711230A29B741AD0066DBD8 /* NavigationSplit */,
				2711230929B741AD0066DBD8 /* Products */,
			);
			sourceTree = "<group>";
		};
		2711230929B741AD0066DBD8 /* Products */ = {
			isa = PBXGroup;
			children = (
				2711230829B741AD0066DBD8 /* NavigationSplit.app */,
			);
			name = Products;
			sourceTree = "<group>";
		};
		2711230A29B741AD0066DBD8 /* NavigationSplit */ = {
			isa = PBXGroup;
			children = (
				2711230B29B741AD0066DBD8 /* NavigationSplitApp.swift */,
				2711232429B745D20066DBD8 /* Bundle+Extension.swift */,
				2711232B29B747690066DBD8 /* DataStore.swift */,
				2711232629B747090066DBD8 /* Models */,
				2711231929B742580066DBD8 /* Views */,
				2711232129B744E40066DBD8 /* JSON Data */,
				2711230F29B741AE0066DBD8 /* Assets.xcassets */,
				2711231129B741AE0066DBD8 /* Preview Content */,
			);
			path = NavigationSplit;
			sourceTree = "<group>";
		};
		2711231129B741AE0066DBD8 /* Preview Content */ = {
			isa = PBXGroup;
			children = (
				2711231229B741AE0066DBD8 /* Preview Assets.xcassets */,
			);
			path = "Preview Content";
			sourceTree = "<group>";
		};
		2711231929B742580066DBD8 /* Views */ = {
			isa = PBXGroup;
			children = (
				2711230D29B741AD0066DBD8 /* StartTabView.swift */,
				2711231A29B742A30066DBD8 /* EmployeeListview.swift */,
				2711231C29B742AF0066DBD8 /* CompaniesListView.swift */,
				2711232D29B74DC20066DBD8 /* EmployeeView.swift */,
			);
			path = Views;
			sourceTree = "<group>";
		};
		2711232129B744E40066DBD8 /* JSON Data */ = {
			isa = PBXGroup;
			children = (
				2711231F29B744CC0066DBD8 /* MOCK_DATA.json */,
				2711232229B745090066DBD8 /* CompanyJSON.swift */,
			);
			path = "JSON Data";
			sourceTree = "<group>";
		};
		2711232629B747090066DBD8 /* Models */ = {
			isa = PBXGroup;
			children = (
				2711232729B747190066DBD8 /* Employee.swift */,
				2711232929B747390066DBD8 /* Company.swift */,
			);
			path = Models;
			sourceTree = "<group>";
		};
		2711232F29B7669F0066DBD8 /* img */ = {
			isa = PBXGroup;
			children = (
				2711233029B766C70066DBD8 /* 1.png */,
			);
			path = img;
			sourceTree = "<group>";
		};
/* End PBXGroup section */

/* Begin PBXNativeTarget section */
		2711230729B741AD0066DBD8 /* NavigationSplit */ = {
			isa = PBXNativeTarget;
			buildConfigurationList = 2711231629B741AE0066DBD8 /* Build configuration list for PBXNativeTarget "NavigationSplit" */;
			buildPhases = (
				2711230429B741AD0066DBD8 /* Sources */,
				2711230529B741AD0066DBD8 /* Frameworks */,
				2711230629B741AD0066DBD8 /* Resources */,
			);
			buildRules = (
			);
			dependencies = (
			);
			name = NavigationSplit;
			productName = NavigationSplit;
			productReference = 2711230829B741AD0066DBD8 /* NavigationSplit.app */;
			productType = "com.apple.product-type.application";
		};
/* End PBXNativeTarget section */

/* Begin PBXProject section */
		2711230029B741AD0066DBD8 /* Project object */ = {
			isa = PBXProject;
			attributes = {
				BuildIndependentTargetsInParallel = 1;
				LastSwiftUpdateCheck = 1420;
				LastUpgradeCheck = 1420;
				TargetAttributes = {
					2711230729B741AD0066DBD8 = {
						CreatedOnToolsVersion = 14.2;
					};
				};
			};
			buildConfigurationList = 2711230329B741AD0066DBD8 /* Build configuration list for PBXProject "NavigationSplit" */;
			compatibilityVersion = "Xcode 14.0";
			developmentRegion = en;
			hasScannedForEncodings = 0;
			knownRegions = (
				en,
				Base,
			);
			mainGroup = 271122FF29B741AD0066DBD8;
			productRefGroup = 2711230929B741AD0066DBD8 /* Products */;
			projectDirPath = "";
			projectRoot = "";
			targets = (
				2711230729B741AD0066DBD8 /* NavigationSplit */,
			);
		};
/* End PBXProject section */

/* Begin PBXResourcesBuildPhase section */
		2711230629B741AD0066DBD8 /* Resources */ = {
			isa = PBXResourcesBuildPhase;
			buildActionMask = 2147483647;
			files = (
				2711232029B744CC0066DBD8 /* MOCK_DATA.json in Resources */,
				2711233129B766C70066DBD8 /* 1.png in Resources */,
				2711231329B741AE0066DBD8 /* Preview Assets.xcassets in Resources */,
				2711231029B741AE0066DBD8 /* Assets.xcassets in Resources */,
			);
			runOnlyForDeploymentPostprocessing = 0;
		};
/* End PBXResourcesBuildPhase section */

/* Begin PBXSourcesBuildPhase section */
		2711230429B741AD0066DBD8 /* Sources */ = {
			isa = PBXSourcesBuildPhase;
			buildActionMask = 2147483647;
			files = (
				2711232E29B74DC20066DBD8 /* EmployeeView.swift in Sources */,
				2711231D29B742AF0066DBD8 /* CompaniesListView.swift in Sources */,
				2711232529B745D20066DBD8 /* Bundle+Extension.swift in Sources */,
				2711230E29B741AD0066DBD8 /* StartTabView.swift in Sources */,
				2711232829B747190066DBD8 /* Employee.swift in Sources */,
				2711231B29B742A30066DBD8 /* EmployeeListview.swift in Sources */,
				2711230C29B741AD0066DBD8 /* NavigationSplitApp.swift in Sources */,
				2711232329B745090066DBD8 /* CompanyJSON.swift in Sources */,
				2711232C29B747690066DBD8 /* DataStore.swift in Sources */,
				2711232A29B747390066DBD8 /* Company.swift in Sources */,
			);
			runOnlyForDeploymentPostprocessing = 0;
		};
/* End PBXSourcesBuildPhase section */

/* Begin XCBuildConfiguration section */
		2711231429B741AE0066DBD8 /* Debug */ = {
			isa = XCBuildConfiguration;
			buildSettings = {
				ALWAYS_SEARCH_USER_PATHS = NO;
				CLANG_ANALYZER_NONNULL = YES;
				CLANG_ANALYZER_NUMBER_OBJECT_CONVERSION = YES_AGGRESSIVE;
				CLANG_CXX_LANGUAGE_STANDARD = "gnu++20";
				CLANG_ENABLE_MODULES = YES;
				CLANG_ENABLE_OBJC_ARC = YES;
				CLANG_ENABLE_OBJC_WEAK = YES;
				CLANG_WARN_BLOCK_CAPTURE_AUTORELEASING = YES;
				CLANG_WARN_BOOL_CONVERSION = YES;
				CLANG_WARN_COMMA = YES;
				CLANG_WARN_CONSTANT_CONVERSION = YES;
				CLANG_WARN_DEPRECATED_OBJC_IMPLEMENTATIONS = YES;
				CLANG_WARN_DIRECT_OBJC_ISA_USAGE = YES_ERROR;
				CLANG_WARN_DOCUMENTATION_COMMENTS = YES;
				CLANG_WARN_EMPTY_BODY = YES;
				CLANG_WARN_ENUM_CONVERSION = YES;
				CLANG_WARN_INFINITE_RECURSION = YES;
				CLANG_WARN_INT_CONVERSION = YES;
				CLANG_WARN_NON_LITERAL_NULL_CONVERSION = YES;
				CLANG_WARN_OBJC_IMPLICIT_RETAIN_SELF = YES;
				CLANG_WARN_OBJC_LITERAL_CONVERSION = YES;
				CLANG_WARN_OBJC_ROOT_CLASS = YES_ERROR;
				CLANG_WARN_QUOTED_INCLUDE_IN_FRAMEWORK_HEADER = YES;
				CLANG_WARN_RANGE_LOOP_ANALYSIS = YES;
				CLANG_WARN_STRICT_PROTOTYPES = YES;
				CLANG_WARN_SUSPICIOUS_MOVE = YES;
				CLANG_WARN_UNGUARDED_AVAILABILITY = YES_AGGRESSIVE;
				CLANG_WARN_UNREACHABLE_CODE = YES;
				CLANG_WARN__DUPLICATE_METHOD_MATCH = YES;
				COPY_PHASE_STRIP = NO;
				DEBUG_INFORMATION_FORMAT = dwarf;
				ENABLE_STRICT_OBJC_MSGSEND = YES;
				ENABLE_TESTABILITY = YES;
				GCC_C_LANGUAGE_STANDARD = gnu11;
				GCC_DYNAMIC_NO_PIC = NO;
				GCC_NO_COMMON_BLOCKS = YES;
				GCC_OPTIMIZATION_LEVEL = 0;
				GCC_PREPROCESSOR_DEFINITIONS = (
					"DEBUG=1",
					"$(inherited)",
				);
				GCC_WARN_64_TO_32_BIT_CONVERSION = YES;
				GCC_WARN_ABOUT_RETURN_TYPE = YES_ERROR;
				GCC_WARN_UNDECLARED_SELECTOR = YES;
				GCC_WARN_UNINITIALIZED_AUTOS = YES_AGGRESSIVE;
				GCC_WARN_UNUSED_FUNCTION = YES;
				GCC_WARN_UNUSED_VARIABLE = YES;
				IPHONEOS_DEPLOYMENT_TARGET = 16.2;
				MTL_ENABLE_DEBUG_INFO = INCLUDE_SOURCE;
				MTL_FAST_MATH = YES;
				ONLY_ACTIVE_ARCH = YES;
				SDKROOT = iphoneos;
				SWIFT_ACTIVE_COMPILATION_CONDITIONS = DEBUG;
				SWIFT_OPTIMIZATION_LEVEL = "-Onone";
			};
			name = Debug;
		};
		2711231529B741AE0066DBD8 /* Release */ = {
			isa = XCBuildConfiguration;
			buildSettings = {
				ALWAYS_SEARCH_USER_PATHS = NO;
				CLANG_ANALYZER_NONNULL = YES;
				CLANG_ANALYZER_NUMBER_OBJECT_CONVERSION = YES_AGGRESSIVE;
				CLANG_CXX_LANGUAGE_STANDARD = "gnu++20";
				CLANG_ENABLE_MODULES = YES;
				CLANG_ENABLE_OBJC_ARC = YES;
				CLANG_ENABLE_OBJC_WEAK = YES;
				CLANG_WARN_BLOCK_CAPTURE_AUTORELEASING = YES;
				CLANG_WARN_BOOL_CONVERSION = YES;
				CLANG_WARN_COMMA = YES;
				CLANG_WARN_CONSTANT_CONVERSION = YES;
				CLANG_WARN_DEPRECATED_OBJC_IMPLEMENTATIONS = YES;
				CLANG_WARN_DIRECT_OBJC_ISA_USAGE = YES_ERROR;
				CLANG_WARN_DOCUMENTATION_COMMENTS = YES;
				CLANG_WARN_EMPTY_BODY = YES;
				CLANG_WARN_ENUM_CONVERSION = YES;
				CLANG_WARN_INFINITE_RECURSION = YES;
				CLANG_WARN_INT_CONVERSION = YES;
				CLANG_WARN_NON_LITERAL_NULL_CONVERSION = YES;
				CLANG_WARN_OBJC_IMPLICIT_RETAIN_SELF = YES;
				CLANG_WARN_OBJC_LITERAL_CONVERSION = YES;
				CLANG_WARN_OBJC_ROOT_CLASS = YES_ERROR;
				CLANG_WARN_QUOTED_INCLUDE_IN_FRAMEWORK_HEADER = YES;
				CLANG_WARN_RANGE_LOOP_ANALYSIS = YES;
				CLANG_WARN_STRICT_PROTOTYPES = YES;
				CLANG_WARN_SUSPICIOUS_MOVE = YES;
				CLANG_WARN_UNGUARDED_AVAILABILITY = YES_AGGRESSIVE;
				CLANG_WARN_UNREACHABLE_CODE = YES;
				CLANG_WARN__DUPLICATE_METHOD_MATCH = YES;
				COPY_PHASE_STRIP = NO;
				DEBUG_INFORMATION_FORMAT = "dwarf-with-dsym";
				ENABLE_NS_ASSERTIONS = NO;
				ENABLE_STRICT_OBJC_MSGSEND = YES;
				GCC_C_LANGUAGE_STANDARD = gnu11;
				GCC_NO_COMMON_BLOCKS = YES;
				GCC_WARN_64_TO_32_BIT_CONVERSION = YES;
				GCC_WARN_ABOUT_RETURN_TYPE = YES_ERROR;
				GCC_WARN_UNDECLARED_SELECTOR = YES;
				GCC_WARN_UNINITIALIZED_AUTOS = YES_AGGRESSIVE;
				GCC_WARN_UNUSED_FUNCTION = YES;
				GCC_WARN_UNUSED_VARIABLE = YES;
				IPHONEOS_DEPLOYMENT_TARGET = 16.2;
				MTL_ENABLE_DEBUG_INFO = NO;
				MTL_FAST_MATH = YES;
				SDKROOT = iphoneos;
				SWIFT_COMPILATION_MODE = wholemodule;
				SWIFT_OPTIMIZATION_LEVEL = "-O";
				VALIDATE_PRODUCT = YES;
			};
			name = Release;
		};
		2711231729B741AE0066DBD8 /* Debug */ = {
			isa = XCBuildConfiguration;
			buildSettings = {
				ASSETCATALOG_COMPILER_APPICON_NAME = AppIcon;
				ASSETCATALOG_COMPILER_GLOBAL_ACCENT_COLOR_NAME = AccentColor;
				CODE_SIGN_STYLE = Automatic;
				CURRENT_PROJECT_VERSION = 1;
				DEVELOPMENT_ASSET_PATHS = "\"NavigationSplit/Preview Content\"";
				DEVELOPMENT_TEAM = 723HTEFHBA;
				ENABLE_PREVIEWS = YES;
				GENERATE_INFOPLIST_FILE = YES;
				INFOPLIST_KEY_UIApplicationSceneManifest_Generation = YES;
				INFOPLIST_KEY_UIApplicationSupportsIndirectInputEvents = YES;
				INFOPLIST_KEY_UILaunchScreen_Generation = YES;
				INFOPLIST_KEY_UISupportedInterfaceOrientations_iPad = "UIInterfaceOrientationPortrait UIInterfaceOrientationPortraitUpsideDown UIInterfaceOrientationLandscapeLeft UIInterfaceOrientationLandscapeRight";
				INFOPLIST_KEY_UISupportedInterfaceOrientations_iPhone = "UIInterfaceOrientationPortrait UIInterfaceOrientationLandscapeLeft UIInterfaceOrientationLandscapeRight";
				LD_RUNPATH_SEARCH_PATHS = (
					"$(inherited)",
					"@executable_path/Frameworks",
				);
				MARKETING_VERSION = 1.0;
				PRODUCT_BUNDLE_IDENTIFIER = ru.fibeapp.NavigationSplit;
				PRODUCT_NAME = "$(TARGET_NAME)";
				SWIFT_EMIT_LOC_STRINGS = YES;
				SWIFT_VERSION = 5.0;
				TARGETED_DEVICE_FAMILY = "1,2";
			};
			name = Debug;
		};
		2711231829B741AE0066DBD8 /* Release */ = {
			isa = XCBuildConfiguration;
			buildSettings = {
				ASSETCATALOG_COMPILER_APPICON_NAME = AppIcon;
				ASSETCATALOG_COMPILER_GLOBAL_ACCENT_COLOR_NAME = AccentColor;
				CODE_SIGN_STYLE = Automatic;
				CURRENT_PROJECT_VERSION = 1;
				DEVELOPMENT_ASSET_PATHS = "\"NavigationSplit/Preview Content\"";
				DEVELOPMENT_TEAM = 723HTEFHBA;
				ENABLE_PREVIEWS = YES;
				GENERATE_INFOPLIST_FILE = YES;
				INFOPLIST_KEY_UIApplicationSceneManifest_Generation = YES;
				INFOPLIST_KEY_UIApplicationSupportsIndirectInputEvents = YES;
				INFOPLIST_KEY_UILaunchScreen_Generation = YES;
				INFOPLIST_KEY_UISupportedInterfaceOrientations_iPad = "UIInterfaceOrientationPortrait UIInterfaceOrientationPortraitUpsideDown UIInterfaceOrientationLandscapeLeft UIInterfaceOrientationLandscapeRight";
				INFOPLIST_KEY_UISupportedInterfaceOrientations_iPhone = "UIInterfaceOrientationPortrait UIInterfaceOrientationLandscapeLeft UIInterfaceOrientationLandscapeRight";
				LD_RUNPATH_SEARCH_PATHS = (
					"$(inherited)",
					"@executable_path/Frameworks",
				);
				MARKETING_VERSION = 1.0;
				PRODUCT_BUNDLE_IDENTIFIER = ru.fibeapp.NavigationSplit;
				PRODUCT_NAME = "$(TARGET_NAME)";
				SWIFT_EMIT_LOC_STRINGS = YES;
				SWIFT_VERSION = 5.0;
				TARGETED_DEVICE_FAMILY = "1,2";
			};
			name = Release;
		};
/* End XCBuildConfiguration section */

/* Begin XCConfigurationList section */
		2711230329B741AD0066DBD8 /* Build configuration list for PBXProject "NavigationSplit" */ = {
			isa = XCConfigurationList;
			buildConfigurations = (
				2711231429B741AE0066DBD8 /* Debug */,
				2711231529B741AE0066DBD8 /* Release */,
			);
			defaultConfigurationIsVisible = 0;
			defaultConfigurationName = Release;
		};
		2711231629B741AE0066DBD8 /* Build configuration list for PBXNativeTarget "NavigationSplit" */ = {
			isa = XCConfigurationList;
			buildConfigurations = (
				2711231729B741AE0066DBD8 /* Debug */,
				2711231829B741AE0066DBD8 /* Release */,
			);
			defaultConfigurationIsVisible = 0;
			defaultConfigurationName = Release;
		};
/* End XCConfigurationList section */
	};
	rootObject = 2711230029B741AD0066DBD8 /* Project object */;
}
